
Microsoft Visual Studio Solution File, Format Version 12.00
# Visual Studio 15
VisualStudioVersion = 15.0.26730.16
MinimumVisualStudioVersion = 10.0.40219.1
Project("{FAE04EC0-301F-11D3-BF4B-00C04F79EFBC}") = "GitMergeBranch", "GitMergeBranch\GitMergeBranch.csproj", "{BAB2B3A5-5EA2-43B4-AE1B-4C3BC8E43A58}"
EndProject
Global
	GlobalSection(SolutionConfigurationPlatforms) = preSolution
		Debug|Any CPU = Debug|Any CPU
		Release|Any CPU = Release|Any CPU
	EndGlobalSection
	GlobalSection(ProjectConfigurationPlatforms) = postSolution
		{BAB2B3A5-5EA2-43B4-AE1B-4C3BC8E43A58}.Debug|Any CPU.ActiveCfg = Debug|Any CPU
		{BAB2B3A5-5EA2-43B4-AE1B-4C3BC8E43A58}.Debug|Any CPU.Build.0 = Debug|Any CPU
		{BAB2B3A5-5EA2-43B4-AE1B-4C3BC8E43A58}.Release|Any CPU.ActiveCfg = Release|Any CPU
		{BAB2B3A5-5EA2-43B4-AE1B-4C3BC8E43A58}.Release|Any CPU.Build.0 = Release|Any CPU
	EndGlobalSection
	GlobalSection(SolutionProperties) = preSolution
		HideSolutionNode = FALSE
	EndGlobalSection
	GlobalSection(ExtensibilityGlobals) = postSolution
		SolutionGuid = {18083BB5-3D88-49C3-8483-3C0DD4E35330}
	EndGlobalSection
EndGlobal
